dependencies:
- name: rasa-common
  repository: file://../rasa-common
  version: 1.0.0
- name: postgresql
  repository: https://charts.bitnami.com/bitnami
  version: 10.3.18
- name: redis
  repository: https://charts.bitnami.com/bitnami
  version: 14.1.1
- name: rabbitmq
  repository: https://charts.bitnami.com/bitnami
  version: 8.12.2
- name: rasa-action-server
  repository: file://../rasa-action-server
  version: 0.1.0
digest: sha256:1218d15930b50c676dee758775b8f6a3d0392a3a4802134d0fbc3610ebb6575d
generated: "2021-06-17T11:12:19.088484+02:00"
