dependencies:
- name: rasa-common
  repository: file://../rasa-common
  version: 1.0.0
- name: postgresql
  repository: https://charts.bitnami.com/bitnami
  version: 10.3.18
- name: redis
  repository: https://charts.bitnami.com/bitnami
  version: 14.1.0
- name: rabbitmq
  repository: https://charts.bitnami.com/bitnami
  version: 8.12.2
- name: rasa-action-server
  repository: file://../rasa-action-server
  version: 0.1.0
digest: sha256:350d42315ef7df9664642dbb307c63a45fa5e30aba23c81a4e5ea80de91139d8
generated: "2021-05-03T14:38:34.698659+02:00"
