dependencies:
- name: rasa-common
  repository: file://../rasa-common
  version: 1.0.0
- name: postgresql
  repository: https://charts.bitnami.com/bitnami
  version: 10.3.18
- name: redis
  repository: https://charts.bitnami.com/bitnami
  version: 14.1.1
- name: rabbitmq
  repository: https://charts.bitnami.com/bitnami
  version: 8.12.2
- name: rasa-action-server
  repository: file://../rasa-action-server
  version: 1.0.0
- name: duckling
  repository: file://../duckling
  version: 1.0.0
digest: sha256:f4e57d27e654ef71a4c55bd50f990bcf3766caa4e0aa5f75e044032385ba7a47
generated: "2021-06-17T13:55:39.707785+02:00"
