dependencies:
- name: rasa-common
  repository: https://helm.rasa.com
  version: 1.0.2
- name: postgresql
  repository: https://charts.bitnami.com/bitnami
  version: 10.16.2
- name: redis
  repository: https://charts.bitnami.com/bitnami
  version: 15.7.6
- name: rabbitmq
  repository: https://charts.bitnami.com/bitnami
  version: 8.32.2
- name: rasa-action-server
  repository: https://helm.rasa.com
  version: 1.0.4
- name: duckling
  repository: https://helm.rasa.com
  version: 1.1.4
digest: sha256:499240c08f1efb826952afaec02b3bcc013aaeeea9fcac1f2bc88cb21d8a68c7
generated: "2022-12-09T11:42:24.705544-05:00"
